// !$*UTF8*$!
{
	archiveVersion = 1;
	classes = {
	};
	objectVersion = 56;
	objects = {

/* Begin PBXBuildFile section */
		C91AF97C2A9AFC9400E9AE8D /* AppStartupViewModel.swift in Sources */ = {isa = PBXBuildFile; fileRef = C91AF97B2A9AFC9400E9AE8D /* AppStartupViewModel.swift */; };
		C91AF97E2A9AFDE500E9AE8D /* StartupLoadingView.swift in Sources */ = {isa = PBXBuildFile; fileRef = C91AF97D2A9AFDE500E9AE8D /* StartupLoadingView.swift */; };
		C972D8BE2A9AA39200482D59 /* JGRedditApp.swift in Sources */ = {isa = PBXBuildFile; fileRef = C972D8BD2A9AA39200482D59 /* JGRedditApp.swift */; };
		C972D8C02A9AA39200482D59 /* ContentView.swift in Sources */ = {isa = PBXBuildFile; fileRef = C972D8BF2A9AA39200482D59 /* ContentView.swift */; };
		C972D8C22A9AA39300482D59 /* Assets.xcassets in Resources */ = {isa = PBXBuildFile; fileRef = C972D8C12A9AA39300482D59 /* Assets.xcassets */; };
		C972D8C52A9AA39300482D59 /* Preview Assets.xcassets in Resources */ = {isa = PBXBuildFile; fileRef = C972D8C42A9AA39300482D59 /* Preview Assets.xcassets */; };
		C9F867832A9AA92D00B250EB /* NetworkManager.swift in Sources */ = {isa = PBXBuildFile; fileRef = C9F867822A9AA92D00B250EB /* NetworkManager.swift */; };
		C9F867882A9AAA5300B250EB /* Credential.swift in Sources */ = {isa = PBXBuildFile; fileRef = C9F867872A9AAA5300B250EB /* Credential.swift */; };
		C9F867902A9AB2C200B250EB /* Alamofire in Frameworks */ = {isa = PBXBuildFile; productRef = C9F8678F2A9AB2C200B250EB /* Alamofire */; };
		C9F867922A9ACEC200B250EB /* AccessToken.swift in Sources */ = {isa = PBXBuildFile; fileRef = C9F867912A9ACEC200B250EB /* AccessToken.swift */; };
		C9F867932A9AD33600B250EB /* credentials.json in Resources */ = {isa = PBXBuildFile; fileRef = C9F8678D2A9AAC0500B250EB /* credentials.json */; };
		C9F867942A9AD33B00B250EB /* credentialsTemplate.json in Resources */ = {isa = PBXBuildFile; fileRef = C9F8678C2A9AAB9100B250EB /* credentialsTemplate.json */; };
/* End PBXBuildFile section */

/* Begin PBXFileReference section */
		C91AF97B2A9AFC9400E9AE8D /* AppStartupViewModel.swift */ = {isa = PBXFileReference; lastKnownFileType = sourcecode.swift; path = AppStartupViewModel.swift; sourceTree = "<group>"; };
		C91AF97D2A9AFDE500E9AE8D /* StartupLoadingView.swift */ = {isa = PBXFileReference; lastKnownFileType = sourcecode.swift; path = StartupLoadingView.swift; sourceTree = "<group>"; };
		C972D8BA2A9AA39200482D59 /* JGReddit.app */ = {isa = PBXFileReference; explicitFileType = wrapper.application; includeInIndex = 0; path = JGReddit.app; sourceTree = BUILT_PRODUCTS_DIR; };
		C972D8BD2A9AA39200482D59 /* JGRedditApp.swift */ = {isa = PBXFileReference; lastKnownFileType = sourcecode.swift; path = JGRedditApp.swift; sourceTree = "<group>"; };
		C972D8BF2A9AA39200482D59 /* ContentView.swift */ = {isa = PBXFileReference; lastKnownFileType = sourcecode.swift; path = ContentView.swift; sourceTree = "<group>"; };
		C972D8C12A9AA39300482D59 /* Assets.xcassets */ = {isa = PBXFileReference; lastKnownFileType = folder.assetcatalog; path = Assets.xcassets; sourceTree = "<group>"; };
		C972D8C42A9AA39300482D59 /* Preview Assets.xcassets */ = {isa = PBXFileReference; lastKnownFileType = folder.assetcatalog; path = "Preview Assets.xcassets"; sourceTree = "<group>"; };
		C9F867822A9AA92D00B250EB /* NetworkManager.swift */ = {isa = PBXFileReference; lastKnownFileType = sourcecode.swift; path = NetworkManager.swift; sourceTree = "<group>"; };
		C9F867872A9AAA5300B250EB /* Credential.swift */ = {isa = PBXFileReference; lastKnownFileType = sourcecode.swift; path = Credential.swift; sourceTree = "<group>"; };
		C9F8678C2A9AAB9100B250EB /* credentialsTemplate.json */ = {isa = PBXFileReference; explicitFileType = text.json; path = credentialsTemplate.json; sourceTree = "<group>"; };
		C9F8678D2A9AAC0500B250EB /* credentials.json */ = {isa = PBXFileReference; explicitFileType = text.json; path = credentials.json; sourceTree = "<group>"; };
		C9F867912A9ACEC200B250EB /* AccessToken.swift */ = {isa = PBXFileReference; lastKnownFileType = sourcecode.swift; path = AccessToken.swift; sourceTree = "<group>"; };
/* End PBXFileReference section */

/* Begin PBXFrameworksBuildPhase section */
		C972D8B72A9AA39200482D59 /* Frameworks */ = {
			isa = PBXFrameworksBuildPhase;
			buildActionMask = 2147483647;
			files = (
				C9F867902A9AB2C200B250EB /* Alamofire in Frameworks */,
			);
			runOnlyForDeploymentPostprocessing = 0;
		};
/* End PBXFrameworksBuildPhase section */

/* Begin PBXGroup section */
		C91AF97A2A9AFC4B00E9AE8D /* ViewModel */ = {
			isa = PBXGroup;
			children = (
				C91AF97B2A9AFC9400E9AE8D /* AppStartupViewModel.swift */,
			);
			path = ViewModel;
			sourceTree = "<group>";
		};
		C972D8B12A9AA39200482D59 = {
			isa = PBXGroup;
			children = (
				C972D8BC2A9AA39200482D59 /* JGReddit */,
				C972D8BB2A9AA39200482D59 /* Products */,
			);
			sourceTree = "<group>";
		};
		C972D8BB2A9AA39200482D59 /* Products */ = {
			isa = PBXGroup;
			children = (
				C972D8BA2A9AA39200482D59 /* JGReddit.app */,
			);
			name = Products;
			sourceTree = "<group>";
		};
		C972D8BC2A9AA39200482D59 /* JGReddit */ = {
			isa = PBXGroup;
			children = (
				C91AF97A2A9AFC4B00E9AE8D /* ViewModel */,
				C9F8678B2A9AAB7200B250EB /* Resources */,
				C9F867842A9AAA3400B250EB /* DataModel */,
				C9F867812A9AA8F300B250EB /* Network */,
				C9F867802A9AA8ED00B250EB /* Views */,
				C972D8BD2A9AA39200482D59 /* JGRedditApp.swift */,
				C972D8C12A9AA39300482D59 /* Assets.xcassets */,
				C972D8C32A9AA39300482D59 /* Preview Content */,
			);
			path = JGReddit;
			sourceTree = "<group>";
		};
		C972D8C32A9AA39300482D59 /* Preview Content */ = {
			isa = PBXGroup;
			children = (
				C972D8C42A9AA39300482D59 /* Preview Assets.xcassets */,
			);
			path = "Preview Content";
			sourceTree = "<group>";
		};
		C9F867802A9AA8ED00B250EB /* Views */ = {
			isa = PBXGroup;
			children = (
				C972D8BF2A9AA39200482D59 /* ContentView.swift */,
				C91AF97D2A9AFDE500E9AE8D /* StartupLoadingView.swift */,
			);
			path = Views;
			sourceTree = "<group>";
		};
		C9F867812A9AA8F300B250EB /* Network */ = {
			isa = PBXGroup;
			children = (
				C9F867822A9AA92D00B250EB /* NetworkManager.swift */,
			);
			path = Network;
			sourceTree = "<group>";
		};
		C9F867842A9AAA3400B250EB /* DataModel */ = {
			isa = PBXGroup;
			children = (
				C9F867872A9AAA5300B250EB /* Credential.swift */,
				C9F867912A9ACEC200B250EB /* AccessToken.swift */,
			);
			path = DataModel;
			sourceTree = "<group>";
		};
		C9F8678B2A9AAB7200B250EB /* Resources */ = {
			isa = PBXGroup;
			children = (
				C9F8678C2A9AAB9100B250EB /* credentialsTemplate.json */,
				C9F8678D2A9AAC0500B250EB /* credentials.json */,
			);
			path = Resources;
			sourceTree = "<group>";
		};
/* End PBXGroup section */

/* Begin PBXNativeTarget section */
		C972D8B92A9AA39200482D59 /* JGReddit */ = {
			isa = PBXNativeTarget;
			buildConfigurationList = C972D8C82A9AA39300482D59 /* Build configuration list for PBXNativeTarget "JGReddit" */;
			buildPhases = (
				C972D8B62A9AA39200482D59 /* Sources */,
				C972D8B72A9AA39200482D59 /* Frameworks */,
				C972D8B82A9AA39200482D59 /* Resources */,
			);
			buildRules = (
			);
			dependencies = (
			);
			name = JGReddit;
			packageProductDependencies = (
				C9F8678F2A9AB2C200B250EB /* Alamofire */,
			);
			productName = JGReddit;
			productReference = C972D8BA2A9AA39200482D59 /* JGReddit.app */;
			productType = "com.apple.product-type.application";
		};
/* End PBXNativeTarget section */

/* Begin PBXProject section */
		C972D8B22A9AA39200482D59 /* Project object */ = {
			isa = PBXProject;
			attributes = {
				BuildIndependentTargetsInParallel = 1;
				LastSwiftUpdateCheck = 1430;
				LastUpgradeCheck = 1430;
				TargetAttributes = {
					C972D8B92A9AA39200482D59 = {
						CreatedOnToolsVersion = 14.3.1;
					};
				};
			};
			buildConfigurationList = C972D8B52A9AA39200482D59 /* Build configuration list for PBXProject "JGReddit" */;
			compatibilityVersion = "Xcode 14.0";
			developmentRegion = en;
			hasScannedForEncodings = 0;
			knownRegions = (
				en,
				Base,
			);
			mainGroup = C972D8B12A9AA39200482D59;
			packageReferences = (
				C9F8678E2A9AB2C200B250EB /* XCRemoteSwiftPackageReference "Alamofire" */,
			);
			productRefGroup = C972D8BB2A9AA39200482D59 /* Products */;
			projectDirPath = "";
			projectRoot = "";
			targets = (
				C972D8B92A9AA39200482D59 /* JGReddit */,
			);
		};
/* End PBXProject section */

/* Begin PBXResourcesBuildPhase section */
		C972D8B82A9AA39200482D59 /* Resources */ = {
			isa = PBXResourcesBuildPhase;
			buildActionMask = 2147483647;
			files = (
				C9F867932A9AD33600B250EB /* credentials.json in Resources */,
				C972D8C52A9AA39300482D59 /* Preview Assets.xcassets in Resources */,
				C9F867942A9AD33B00B250EB /* credentialsTemplate.json in Resources */,
				C972D8C22A9AA39300482D59 /* Assets.xcassets in Resources */,
			);
			runOnlyForDeploymentPostprocessing = 0;
		};
/* End PBXResourcesBuildPhase section */

/* Begin PBXSourcesBuildPhase section */
		C972D8B62A9AA39200482D59 /* Sources */ = {
			isa = PBXSourcesBuildPhase;
			buildActionMask = 2147483647;
			files = (
				C972D8C02A9AA39200482D59 /* ContentView.swift in Sources */,
				C9F867882A9AAA5300B250EB /* Credential.swift in Sources */,
				C91AF97C2A9AFC9400E9AE8D /* AppStartupViewModel.swift in Sources */,
				C972D8BE2A9AA39200482D59 /* JGRedditApp.swift in Sources */,
				C9F867832A9AA92D00B250EB /* NetworkManager.swift in Sources */,
				C91AF97E2A9AFDE500E9AE8D /* StartupLoadingView.swift in Sources */,
				C9F867922A9ACEC200B250EB /* AccessToken.swift in Sources */,
			);
			runOnlyForDeploymentPostprocessing = 0;
		};
/* End PBXSourcesBuildPhase section */

/* Begin XCBuildConfiguration section */
		C972D8C62A9AA39300482D59 /* Debug */ = {
			isa = XCBuildConfiguration;
			buildSettings = {
				ALWAYS_SEARCH_USER_PATHS = NO;
				CLANG_ANALYZER_NONNULL = YES;
				CLANG_ANALYZER_NUMBER_OBJECT_CONVERSION = YES_AGGRESSIVE;
				CLANG_CXX_LANGUAGE_STANDARD = "gnu++20";
				CLANG_ENABLE_MODULES = YES;
				CLANG_ENABLE_OBJC_ARC = YES;
				CLANG_ENABLE_OBJC_WEAK = YES;
				CLANG_WARN_BLOCK_CAPTURE_AUTORELEASING = YES;
				CLANG_WARN_BOOL_CONVERSION = YES;
				CLANG_WARN_COMMA = YES;
				CLANG_WARN_CONSTANT_CONVERSION = YES;
				CLANG_WARN_DEPRECATED_OBJC_IMPLEMENTATIONS = YES;
				CLANG_WARN_DIRECT_OBJC_ISA_USAGE = YES_ERROR;
				CLANG_WARN_DOCUMENTATION_COMMENTS = YES;
				CLANG_WARN_EMPTY_BODY = YES;
				CLANG_WARN_ENUM_CONVERSION = YES;
				CLANG_WARN_INFINITE_RECURSION = YES;
				CLANG_WARN_INT_CONVERSION = YES;
				CLANG_WARN_NON_LITERAL_NULL_CONVERSION = YES;
				CLANG_WARN_OBJC_IMPLICIT_RETAIN_SELF = YES;
				CLANG_WARN_OBJC_LITERAL_CONVERSION = YES;
				CLANG_WARN_OBJC_ROOT_CLASS = YES_ERROR;
				CLANG_WARN_QUOTED_INCLUDE_IN_FRAMEWORK_HEADER = YES;
				CLANG_WARN_RANGE_LOOP_ANALYSIS = YES;
				CLANG_WARN_STRICT_PROTOTYPES = YES;
				CLANG_WARN_SUSPICIOUS_MOVE = YES;
				CLANG_WARN_UNGUARDED_AVAILABILITY = YES_AGGRESSIVE;
				CLANG_WARN_UNREACHABLE_CODE = YES;
				CLANG_WARN__DUPLICATE_METHOD_MATCH = YES;
				COPY_PHASE_STRIP = NO;
				DEBUG_INFORMATION_FORMAT = dwarf;
				ENABLE_STRICT_OBJC_MSGSEND = YES;
				ENABLE_TESTABILITY = YES;
				GCC_C_LANGUAGE_STANDARD = gnu11;
				GCC_DYNAMIC_NO_PIC = NO;
				GCC_NO_COMMON_BLOCKS = YES;
				GCC_OPTIMIZATION_LEVEL = 0;
				GCC_PREPROCESSOR_DEFINITIONS = (
					"DEBUG=1",
					"$(inherited)",
				);
				GCC_WARN_64_TO_32_BIT_CONVERSION = YES;
				GCC_WARN_ABOUT_RETURN_TYPE = YES_ERROR;
				GCC_WARN_UNDECLARED_SELECTOR = YES;
				GCC_WARN_UNINITIALIZED_AUTOS = YES_AGGRESSIVE;
				GCC_WARN_UNUSED_FUNCTION = YES;
				GCC_WARN_UNUSED_VARIABLE = YES;
				IPHONEOS_DEPLOYMENT_TARGET = 16.4;
				MTL_ENABLE_DEBUG_INFO = INCLUDE_SOURCE;
				MTL_FAST_MATH = YES;
				ONLY_ACTIVE_ARCH = YES;
				SDKROOT = iphoneos;
				SWIFT_ACTIVE_COMPILATION_CONDITIONS = DEBUG;
				SWIFT_OPTIMIZATION_LEVEL = "-Onone";
			};
			name = Debug;
		};
		C972D8C72A9AA39300482D59 /* Release */ = {
			isa = XCBuildConfiguration;
			buildSettings = {
				ALWAYS_SEARCH_USER_PATHS = NO;
				CLANG_ANALYZER_NONNULL = YES;
				CLANG_ANALYZER_NUMBER_OBJECT_CONVERSION = YES_AGGRESSIVE;
				CLANG_CXX_LANGUAGE_STANDARD = "gnu++20";
				CLANG_ENABLE_MODULES = YES;
				CLANG_ENABLE_OBJC_ARC = YES;
				CLANG_ENABLE_OBJC_WEAK = YES;
				CLANG_WARN_BLOCK_CAPTURE_AUTORELEASING = YES;
				CLANG_WARN_BOOL_CONVERSION = YES;
				CLANG_WARN_COMMA = YES;
				CLANG_WARN_CONSTANT_CONVERSION = YES;
				CLANG_WARN_DEPRECATED_OBJC_IMPLEMENTATIONS = YES;
				CLANG_WARN_DIRECT_OBJC_ISA_USAGE = YES_ERROR;
				CLANG_WARN_DOCUMENTATION_COMMENTS = YES;
				CLANG_WARN_EMPTY_BODY = YES;
				CLANG_WARN_ENUM_CONVERSION = YES;
				CLANG_WARN_INFINITE_RECURSION = YES;
				CLANG_WARN_INT_CONVERSION = YES;
				CLANG_WARN_NON_LITERAL_NULL_CONVERSION = YES;
				CLANG_WARN_OBJC_IMPLICIT_RETAIN_SELF = YES;
				CLANG_WARN_OBJC_LITERAL_CONVERSION = YES;
				CLANG_WARN_OBJC_ROOT_CLASS = YES_ERROR;
				CLANG_WARN_QUOTED_INCLUDE_IN_FRAMEWORK_HEADER = YES;
				CLANG_WARN_RANGE_LOOP_ANALYSIS = YES;
				CLANG_WARN_STRICT_PROTOTYPES = YES;
				CLANG_WARN_SUSPICIOUS_MOVE = YES;
				CLANG_WARN_UNGUARDED_AVAILABILITY = YES_AGGRESSIVE;
				CLANG_WARN_UNREACHABLE_CODE = YES;
				CLANG_WARN__DUPLICATE_METHOD_MATCH = YES;
				COPY_PHASE_STRIP = NO;
				DEBUG_INFORMATION_FORMAT = "dwarf-with-dsym";
				ENABLE_NS_ASSERTIONS = NO;
				ENABLE_STRICT_OBJC_MSGSEND = YES;
				GCC_C_LANGUAGE_STANDARD = gnu11;
				GCC_NO_COMMON_BLOCKS = YES;
				GCC_WARN_64_TO_32_BIT_CONVERSION = YES;
				GCC_WARN_ABOUT_RETURN_TYPE = YES_ERROR;
				GCC_WARN_UNDECLARED_SELECTOR = YES;
				GCC_WARN_UNINITIALIZED_AUTOS = YES_AGGRESSIVE;
				GCC_WARN_UNUSED_FUNCTION = YES;
				GCC_WARN_UNUSED_VARIABLE = YES;
				IPHONEOS_DEPLOYMENT_TARGET = 16.4;
				MTL_ENABLE_DEBUG_INFO = NO;
				MTL_FAST_MATH = YES;
				SDKROOT = iphoneos;
				SWIFT_COMPILATION_MODE = wholemodule;
				SWIFT_OPTIMIZATION_LEVEL = "-O";
				VALIDATE_PRODUCT = YES;
			};
			name = Release;
		};
		C972D8C92A9AA39300482D59 /* Debug */ = {
			isa = XCBuildConfiguration;
			buildSettings = {
				ASSETCATALOG_COMPILER_APPICON_NAME = AppIcon;
				ASSETCATALOG_COMPILER_GLOBAL_ACCENT_COLOR_NAME = AccentColor;
				CODE_SIGN_STYLE = Automatic;
				CURRENT_PROJECT_VERSION = 1;
				DEVELOPMENT_ASSET_PATHS = "\"JGReddit/Preview Content\"";
				ENABLE_PREVIEWS = YES;
				GENERATE_INFOPLIST_FILE = YES;
				INFOPLIST_KEY_UIApplicationSceneManifest_Generation = YES;
				INFOPLIST_KEY_UIApplicationSupportsIndirectInputEvents = YES;
				INFOPLIST_KEY_UILaunchScreen_Generation = YES;
				INFOPLIST_KEY_UISupportedInterfaceOrientations_iPad = "UIInterfaceOrientationPortrait UIInterfaceOrientationPortraitUpsideDown UIInterfaceOrientationLandscapeLeft UIInterfaceOrientationLandscapeRight";
				INFOPLIST_KEY_UISupportedInterfaceOrientations_iPhone = "UIInterfaceOrientationPortrait UIInterfaceOrientationLandscapeLeft UIInterfaceOrientationLandscapeRight";
				LD_RUNPATH_SEARCH_PATHS = (
					"$(inherited)",
					"@executable_path/Frameworks",
				);
				MARKETING_VERSION = 1.0;
				PRODUCT_BUNDLE_IDENTIFIER = jg.JGReddit;
				PRODUCT_NAME = "$(TARGET_NAME)";
				SWIFT_EMIT_LOC_STRINGS = YES;
				SWIFT_VERSION = 5.0;
				TARGETED_DEVICE_FAMILY = "1,2";
			};
			name = Debug;
		};
		C972D8CA2A9AA39300482D59 /* Release */ = {
			isa = XCBuildConfiguration;
			buildSettings = {
				ASSETCATALOG_COMPILER_APPICON_NAME = AppIcon;
				ASSETCATALOG_COMPILER_GLOBAL_ACCENT_COLOR_NAME = AccentColor;
				CODE_SIGN_STYLE = Automatic;
				CURRENT_PROJECT_VERSION = 1;
				DEVELOPMENT_ASSET_PATHS = "\"JGReddit/Preview Content\"";
				ENABLE_PREVIEWS = YES;
				GENERATE_INFOPLIST_FILE = YES;
				INFOPLIST_KEY_UIApplicationSceneManifest_Generation = YES;
				INFOPLIST_KEY_UIApplicationSupportsIndirectInputEvents = YES;
				INFOPLIST_KEY_UILaunchScreen_Generation = YES;
				INFOPLIST_KEY_UISupportedInterfaceOrientations_iPad = "UIInterfaceOrientationPortrait UIInterfaceOrientationPortraitUpsideDown UIInterfaceOrientationLandscapeLeft UIInterfaceOrientationLandscapeRight";
				INFOPLIST_KEY_UISupportedInterfaceOrientations_iPhone = "UIInterfaceOrientationPortrait UIInterfaceOrientationLandscapeLeft UIInterfaceOrientationLandscapeRight";
				LD_RUNPATH_SEARCH_PATHS = (
					"$(inherited)",
					"@executable_path/Frameworks",
				);
				MARKETING_VERSION = 1.0;
				PRODUCT_BUNDLE_IDENTIFIER = jg.JGReddit;
				PRODUCT_NAME = "$(TARGET_NAME)";
				SWIFT_EMIT_LOC_STRINGS = YES;
				SWIFT_VERSION = 5.0;
				TARGETED_DEVICE_FAMILY = "1,2";
			};
			name = Release;
		};
/* End XCBuildConfiguration section */

/* Begin XCConfigurationList section */
		C972D8B52A9AA39200482D59 /* Build configuration list for PBXProject "JGReddit" */ = {
			isa = XCConfigurationList;
			buildConfigurations = (
				C972D8C62A9AA39300482D59 /* Debug */,
				C972D8C72A9AA39300482D59 /* Release */,
			);
			defaultConfigurationIsVisible = 0;
			defaultConfigurationName = Release;
		};
		C972D8C82A9AA39300482D59 /* Build configuration list for PBXNativeTarget "JGReddit" */ = {
			isa = XCConfigurationList;
			buildConfigurations = (
				C972D8C92A9AA39300482D59 /* Debug */,
				C972D8CA2A9AA39300482D59 /* Release */,
			);
			defaultConfigurationIsVisible = 0;
			defaultConfigurationName = Release;
		};
/* End XCConfigurationList section */

/* Begin XCRemoteSwiftPackageReference section */
		C9F8678E2A9AB2C200B250EB /* XCRemoteSwiftPackageReference "Alamofire" */ = {
			isa = XCRemoteSwiftPackageReference;
			repositoryURL = "https://github.com/Alamofire/Alamofire.git";
			requirement = {
				kind = upToNextMajorVersion;
				minimumVersion = 5.0.0;
			};
		};
/* End XCRemoteSwiftPackageReference section */

/* Begin XCSwiftPackageProductDependency section */
		C9F8678F2A9AB2C200B250EB /* Alamofire */ = {
			isa = XCSwiftPackageProductDependency;
			package = C9F8678E2A9AB2C200B250EB /* XCRemoteSwiftPackageReference "Alamofire" */;
			productName = Alamofire;
		};
/* End XCSwiftPackageProductDependency section */
	};
	rootObject = C972D8B22A9AA39200482D59 /* Project object */;
}
